// !$*UTF8*$!
{
	archiveVersion = 1;
	classes = {
	};
	objectVersion = 77;
	objects = {

/* Begin PBXBuildFile section */
		8105CCB02E19AE3E00889ECF /* VisionBackgroundTOP.mm in Sources */ = {isa = PBXBuildFile; fileRef = 81CF6F202E198A2F00639EA8 /* VisionBackgroundTOP.mm */; };
		8105CCB32E19B09E00889ECF /* CoreGraphics.framework in Frameworks */ = {isa = PBXBuildFile; fileRef = 8105CCB22E19B09E00889ECF /* CoreGraphics.framework */; };
		81CF6F252E198D5800639EA8 /* VisionBackgroundTOP.cpp in Sources */ = {isa = PBXBuildFile; fileRef = 81CF6F1F2E198A1700639EA8 /* VisionBackgroundTOP.cpp */; };
		81F6CCF72E1A70BC00A3B4B2 /* CoreVideo.framework in Frameworks */ = {isa = PBXBuildFile; fileRef = 81F6CCF62E1A70BC00A3B4B2 /* CoreVideo.framework */; };
		81F6CCF92E1BB6BF00A3B4B2 /* Metal.framework in Frameworks */ = {isa = PBXBuildFile; fileRef = 81F6CCF82E1BB6BF00A3B4B2 /* Metal.framework */; };
/* End PBXBuildFile section */

/* Begin PBXFileReference section */
		8105CCB22E19B09E00889ECF /* CoreGraphics.framework */ = {isa = PBXFileReference; lastKnownFileType = wrapper.framework; name = CoreGraphics.framework; path = System/Library/Frameworks/CoreGraphics.framework; sourceTree = SDKROOT; };
		81CF6F142E19889A00639EA8 /* VisionBackgroundTOP.plugin */ = {isa = PBXFileReference; explicitFileType = wrapper.cfbundle; includeInIndex = 0; path = VisionBackgroundTOP.plugin; sourceTree = BUILT_PRODUCTS_DIR; };
		81CF6F1B2E1988B200639EA8 /* CPlusPlus_Common.h */ = {isa = PBXFileReference; lastKnownFileType = sourcecode.c.h; path = CPlusPlus_Common.h; sourceTree = "<group>"; };
		81CF6F1C2E1988B200639EA8 /* TOP_CPlusPlusBase.h */ = {isa = PBXFileReference; lastKnownFileType = sourcecode.c.h; path = TOP_CPlusPlusBase.h; sourceTree = "<group>"; };
		81CF6F1E2E1989E400639EA8 /* VisionBackgroundTOP.h */ = {isa = PBXFileReference; lastKnownFileType = sourcecode.c.h; path = VisionBackgroundTOP.h; sourceTree = "<group>"; };
		81CF6F1F2E198A1700639EA8 /* VisionBackgroundTOP.cpp */ = {isa = PBXFileReference; lastKnownFileType = sourcecode.cpp.cpp; path = VisionBackgroundTOP.cpp; sourceTree = "<group>"; };
		81CF6F202E198A2F00639EA8 /* VisionBackgroundTOP.mm */ = {isa = PBXFileReference; lastKnownFileType = sourcecode.cpp.objcpp; path = VisionBackgroundTOP.mm; sourceTree = "<group>"; };
		81F6CCF62E1A70BC00A3B4B2 /* CoreVideo.framework */ = {isa = PBXFileReference; lastKnownFileType = wrapper.framework; name = CoreVideo.framework; path = System/Library/Frameworks/CoreVideo.framework; sourceTree = SDKROOT; };
		81F6CCF82E1BB6BF00A3B4B2 /* Metal.framework */ = {isa = PBXFileReference; lastKnownFileType = wrapper.framework; name = Metal.framework; path = System/Library/Frameworks/Metal.framework; sourceTree = SDKROOT; };
/* End PBXFileReference section */

/* Begin PBXFrameworksBuildPhase section */
		81CF6F112E19889A00639EA8 /* Frameworks */ = {
			isa = PBXFrameworksBuildPhase;
			buildActionMask = 2147483647;
			files = (
				81F6CCF92E1BB6BF00A3B4B2 /* Metal.framework in Frameworks */,
				81F6CCF72E1A70BC00A3B4B2 /* CoreVideo.framework in Frameworks */,
				8105CCB32E19B09E00889ECF /* CoreGraphics.framework in Frameworks */,
			);
			runOnlyForDeploymentPostprocessing = 0;
		};
/* End PBXFrameworksBuildPhase section */

/* Begin PBXGroup section */
		8105CCB12E19B09E00889ECF /* Frameworks */ = {
			isa = PBXGroup;
			children = (
				81F6CCF82E1BB6BF00A3B4B2 /* Metal.framework */,
				81F6CCF62E1A70BC00A3B4B2 /* CoreVideo.framework */,
				8105CCB22E19B09E00889ECF /* CoreGraphics.framework */,
			);
			name = Frameworks;
			sourceTree = "<group>";
		};
		81CF6F0B2E19889A00639EA8 = {
			isa = PBXGroup;
			children = (
				81CF6F1B2E1988B200639EA8 /* CPlusPlus_Common.h */,
				81CF6F1C2E1988B200639EA8 /* TOP_CPlusPlusBase.h */,
				81CF6F1E2E1989E400639EA8 /* VisionBackgroundTOP.h */,
				81CF6F1F2E198A1700639EA8 /* VisionBackgroundTOP.cpp */,
				81CF6F202E198A2F00639EA8 /* VisionBackgroundTOP.mm */,
				8105CCB12E19B09E00889ECF /* Frameworks */,
				81CF6F152E19889A00639EA8 /* Products */,
			);
			sourceTree = "<group>";
		};
		81CF6F152E19889A00639EA8 /* Products */ = {
			isa = PBXGroup;
			children = (
				81CF6F142E19889A00639EA8 /* VisionBackgroundTOP.plugin */,
			);
			name = Products;
			sourceTree = "<group>";
		};
/* End PBXGroup section */

/* Begin PBXNativeTarget section */
		81CF6F132E19889A00639EA8 /* VisionBackgroundTOP */ = {
			isa = PBXNativeTarget;
			buildConfigurationList = 81CF6F182E19889A00639EA8 /* Build configuration list for PBXNativeTarget "VisionBackgroundTOP" */;
			buildPhases = (
				81CF6F102E19889A00639EA8 /* Sources */,
				81CF6F112E19889A00639EA8 /* Frameworks */,
				81CF6F122E19889A00639EA8 /* Resources */,
			);
			buildRules = (
			);
			dependencies = (
			);
			name = VisionBackgroundTOP;
			packageProductDependencies = (
			);
			productName = VisionBackground;
			productReference = 81CF6F142E19889A00639EA8 /* VisionBackgroundTOP.plugin */;
			productType = "com.apple.product-type.bundle";
		};
/* End PBXNativeTarget section */

/* Begin PBXProject section */
		81CF6F0C2E19889A00639EA8 /* Project object */ = {
			isa = PBXProject;
			attributes = {
				BuildIndependentTargetsInParallel = 1;
				LastUpgradeCheck = 1640;
				TargetAttributes = {
					81CF6F132E19889A00639EA8 = {
						CreatedOnToolsVersion = 16.4;
					};
				};
			};
			buildConfigurationList = 81CF6F0F2E19889A00639EA8 /* Build configuration list for PBXProject "VisionBackgroundTOP" */;
			developmentRegion = en;
			hasScannedForEncodings = 0;
			knownRegions = (
				en,
				Base,
			);
			mainGroup = 81CF6F0B2E19889A00639EA8;
			minimizedProjectReferenceProxies = 1;
			preferredProjectObjectVersion = 77;
			productRefGroup = 81CF6F152E19889A00639EA8 /* Products */;
			projectDirPath = "";
			projectRoot = "";
			targets = (
				81CF6F132E19889A00639EA8 /* VisionBackgroundTOP */,
			);
		};
/* End PBXProject section */

/* Begin PBXResourcesBuildPhase section */
		81CF6F122E19889A00639EA8 /* Resources */ = {
			isa = PBXResourcesBuildPhase;
			buildActionMask = 2147483647;
			files = (
			);
			runOnlyForDeploymentPostprocessing = 0;
		};
/* End PBXResourcesBuildPhase section */

/* Begin PBXSourcesBuildPhase section */
		81CF6F102E19889A00639EA8 /* Sources */ = {
			isa = PBXSourcesBuildPhase;
			buildActionMask = 2147483647;
			files = (
				81CF6F252E198D5800639EA8 /* VisionBackgroundTOP.cpp in Sources */,
				8105CCB02E19AE3E00889ECF /* VisionBackgroundTOP.mm in Sources */,
			);
			runOnlyForDeploymentPostprocessing = 0;
		};
/* End PBXSourcesBuildPhase section */

/* Begin XCBuildConfiguration section */
		81CF6F162E19889A00639EA8 /* Debug */ = {
			isa = XCBuildConfiguration;
			buildSettings = {
				ALWAYS_SEARCH_USER_PATHS = NO;
				ASSETCATALOG_COMPILER_GENERATE_SWIFT_ASSET_SYMBOL_EXTENSIONS = YES;
				CLANG_ANALYZER_NONNULL = YES;
				CLANG_ANALYZER_NUMBER_OBJECT_CONVERSION = YES_AGGRESSIVE;
				CLANG_CXX_LANGUAGE_STANDARD = "gnu++20";
				CLANG_ENABLE_MODULES = YES;
				CLANG_ENABLE_OBJC_ARC = YES;
				CLANG_ENABLE_OBJC_WEAK = YES;
				CLANG_WARN_BLOCK_CAPTURE_AUTORELEASING = YES;
				CLANG_WARN_BOOL_CONVERSION = YES;
				CLANG_WARN_COMMA = YES;
				CLANG_WARN_CONSTANT_CONVERSION = YES;
				CLANG_WARN_DEPRECATED_OBJC_IMPLEMENTATIONS = YES;
				CLANG_WARN_DIRECT_OBJC_ISA_USAGE = YES_ERROR;
				CLANG_WARN_DOCUMENTATION_COMMENTS = YES;
				CLANG_WARN_EMPTY_BODY = YES;
				CLANG_WARN_ENUM_CONVERSION = YES;
				CLANG_WARN_INFINITE_RECURSION = YES;
				CLANG_WARN_INT_CONVERSION = YES;
				CLANG_WARN_NON_LITERAL_NULL_CONVERSION = YES;
				CLANG_WARN_OBJC_IMPLICIT_RETAIN_SELF = YES;
				CLANG_WARN_OBJC_LITERAL_CONVERSION = YES;
				CLANG_WARN_OBJC_ROOT_CLASS = YES_ERROR;
				CLANG_WARN_QUOTED_INCLUDE_IN_FRAMEWORK_HEADER = YES;
				CLANG_WARN_RANGE_LOOP_ANALYSIS = YES;
				CLANG_WARN_STRICT_PROTOTYPES = YES;
				CLANG_WARN_SUSPICIOUS_MOVE = YES;
				CLANG_WARN_UNGUARDED_AVAILABILITY = YES_AGGRESSIVE;
				CLANG_WARN_UNREACHABLE_CODE = YES;
				CLANG_WARN__DUPLICATE_METHOD_MATCH = YES;
				COPY_PHASE_STRIP = NO;
				DEBUG_INFORMATION_FORMAT = dwarf;
				ENABLE_STRICT_OBJC_MSGSEND = YES;
				ENABLE_TESTABILITY = YES;
				ENABLE_USER_SCRIPT_SANDBOXING = YES;
				GCC_C_LANGUAGE_STANDARD = gnu17;
				GCC_DYNAMIC_NO_PIC = NO;
				GCC_NO_COMMON_BLOCKS = YES;
				GCC_OPTIMIZATION_LEVEL = 0;
				GCC_PREPROCESSOR_DEFINITIONS = (
					"DEBUG=1",
					"$(inherited)",
				);
				GCC_WARN_64_TO_32_BIT_CONVERSION = YES;
				GCC_WARN_ABOUT_RETURN_TYPE = YES_ERROR;
				GCC_WARN_UNDECLARED_SELECTOR = YES;
				GCC_WARN_UNINITIALIZED_AUTOS = YES_AGGRESSIVE;
				GCC_WARN_UNUSED_FUNCTION = YES;
				GCC_WARN_UNUSED_VARIABLE = YES;
				LOCALIZATION_PREFERS_STRING_CATALOGS = YES;
				MACOSX_DEPLOYMENT_TARGET = 15.5;
				MTL_ENABLE_DEBUG_INFO = INCLUDE_SOURCE;
				MTL_FAST_MATH = YES;
				ONLY_ACTIVE_ARCH = YES;
				SDKROOT = macosx;
			};
			name = Debug;
		};
		81CF6F172E19889A00639EA8 /* Release */ = {
			isa = XCBuildConfiguration;
			buildSettings = {
				ALWAYS_SEARCH_USER_PATHS = NO;
				ASSETCATALOG_COMPILER_GENERATE_SWIFT_ASSET_SYMBOL_EXTENSIONS = YES;
				CLANG_ANALYZER_NONNULL = YES;
				CLANG_ANALYZER_NUMBER_OBJECT_CONVERSION = YES_AGGRESSIVE;
				CLANG_CXX_LANGUAGE_STANDARD = "gnu++20";
				CLANG_ENABLE_MODULES = YES;
				CLANG_ENABLE_OBJC_ARC = YES;
				CLANG_ENABLE_OBJC_WEAK = YES;
				CLANG_WARN_BLOCK_CAPTURE_AUTORELEASING = YES;
				CLANG_WARN_BOOL_CONVERSION = YES;
				CLANG_WARN_COMMA = YES;
				CLANG_WARN_CONSTANT_CONVERSION = YES;
				CLANG_WARN_DEPRECATED_OBJC_IMPLEMENTATIONS = YES;
				CLANG_WARN_DIRECT_OBJC_ISA_USAGE = YES_ERROR;
				CLANG_WARN_DOCUMENTATION_COMMENTS = YES;
				CLANG_WARN_EMPTY_BODY = YES;
				CLANG_WARN_ENUM_CONVERSION = YES;
				CLANG_WARN_INFINITE_RECURSION = YES;
				CLANG_WARN_INT_CONVERSION = YES;
				CLANG_WARN_NON_LITERAL_NULL_CONVERSION = YES;
				CLANG_WARN_OBJC_IMPLICIT_RETAIN_SELF = YES;
				CLANG_WARN_OBJC_LITERAL_CONVERSION = YES;
				CLANG_WARN_OBJC_ROOT_CLASS = YES_ERROR;
				CLANG_WARN_QUOTED_INCLUDE_IN_FRAMEWORK_HEADER = YES;
				CLANG_WARN_RANGE_LOOP_ANALYSIS = YES;
				CLANG_WARN_STRICT_PROTOTYPES = YES;
				CLANG_WARN_SUSPICIOUS_MOVE = YES;
				CLANG_WARN_UNGUARDED_AVAILABILITY = YES_AGGRESSIVE;
				CLANG_WARN_UNREACHABLE_CODE = YES;
				CLANG_WARN__DUPLICATE_METHOD_MATCH = YES;
				COPY_PHASE_STRIP = NO;
				DEBUG_INFORMATION_FORMAT = "dwarf-with-dsym";
				ENABLE_NS_ASSERTIONS = NO;
				ENABLE_STRICT_OBJC_MSGSEND = YES;
				ENABLE_USER_SCRIPT_SANDBOXING = YES;
				GCC_C_LANGUAGE_STANDARD = gnu17;
				GCC_NO_COMMON_BLOCKS = YES;
				GCC_WARN_64_TO_32_BIT_CONVERSION = YES;
				GCC_WARN_ABOUT_RETURN_TYPE = YES_ERROR;
				GCC_WARN_UNDECLARED_SELECTOR = YES;
				GCC_WARN_UNINITIALIZED_AUTOS = YES_AGGRESSIVE;
				GCC_WARN_UNUSED_FUNCTION = YES;
				GCC_WARN_UNUSED_VARIABLE = YES;
				LOCALIZATION_PREFERS_STRING_CATALOGS = YES;
				MACOSX_DEPLOYMENT_TARGET = 15.5;
				MTL_ENABLE_DEBUG_INFO = NO;
				MTL_FAST_MATH = YES;
				SDKROOT = macosx;
			};
			name = Release;
		};
		81CF6F192E19889A00639EA8 /* Debug */ = {
			isa = XCBuildConfiguration;
			buildSettings = {
				"CODE_SIGN_IDENTITY[sdk=macosx*]" = "-";
				CODE_SIGN_STYLE = Automatic;
				COMBINE_HIDPI_IMAGES = YES;
				CURRENT_PROJECT_VERSION = 1;
				GENERATE_INFOPLIST_FILE = YES;
				INFOPLIST_KEY_CFBundleDisplayName = VisionBackground;
				INFOPLIST_KEY_NSHumanReadableCopyright = "";
				INFOPLIST_KEY_NSPrincipalClass = "";
				INSTALL_PATH = "$(LOCAL_LIBRARY_DIR)/Bundles";
				MACOSX_DEPLOYMENT_TARGET = 13.5;
				MARKETING_VERSION = 0.0.1alpha;
				OTHER_LDFLAGS = (
					"-framework",
					Vision,
					"-framework",
					CoreImage,
					"-framework",
					Accelerate,
					"-stdlib=libc++",
				);
				PRODUCT_BUNDLE_IDENTIFIER = ee.marte.VisionBackgroundTOP;
				PRODUCT_NAME = "$(TARGET_NAME)";
				SKIP_INSTALL = NO;
				SWIFT_EMIT_LOC_STRINGS = YES;
				WRAPPER_EXTENSION = plugin;
			};
			name = Debug;
		};
		81CF6F1A2E19889A00639EA8 /* Release */ = {
			isa = XCBuildConfiguration;
			buildSettings = {
				"CODE_SIGN_IDENTITY[sdk=macosx*]" = "-";
				CODE_SIGN_STYLE = Automatic;
				COMBINE_HIDPI_IMAGES = YES;
				CURRENT_PROJECT_VERSION = 1;
				GENERATE_INFOPLIST_FILE = YES;
				INFOPLIST_KEY_CFBundleDisplayName = VisionBackground;
				INFOPLIST_KEY_NSHumanReadableCopyright = "";
				INFOPLIST_KEY_NSPrincipalClass = "";
				INSTALL_PATH = "$(LOCAL_LIBRARY_DIR)/Bundles";
				MACOSX_DEPLOYMENT_TARGET = 13.5;
				MARKETING_VERSION = 0.0.1alpha;
				OTHER_LDFLAGS = (
					"-framework",
					Vision,
					"-framework",
					CoreImage,
					"-framework",
					Accelerate,
					"-stdlib=libc++",
				);
				PRODUCT_BUNDLE_IDENTIFIER = ee.marte.VisionBackgroundTOP;
				PRODUCT_NAME = "$(TARGET_NAME)";
				SKIP_INSTALL = NO;
				SWIFT_EMIT_LOC_STRINGS = YES;
				WRAPPER_EXTENSION = plugin;
			};
			name = Release;
		};
/* End XCBuildConfiguration section */

/* Begin XCConfigurationList section */
		81CF6F0F2E19889A00639EA8 /* Build configuration list for PBXProject "VisionBackgroundTOP" */ = {
			isa = XCConfigurationList;
			buildConfigurations = (
				81CF6F162E19889A00639EA8 /* Debug */,
				81CF6F172E19889A00639EA8 /* Release */,
			);
			defaultConfigurationIsVisible = 0;
			defaultConfigurationName = Release;
		};
		81CF6F182E19889A00639EA8 /* Build configuration list for PBXNativeTarget "VisionBackgroundTOP" */ = {
			isa = XCConfigurationList;
			buildConfigurations = (
				81CF6F192E19889A00639EA8 /* Debug */,
				81CF6F1A2E19889A00639EA8 /* Release */,
			);
			defaultConfigurationIsVisible = 0;
			defaultConfigurationName = Release;
		};
/* End XCConfigurationList section */
	};
	rootObject = 81CF6F0C2E19889A00639EA8 /* Project object */;
}
